
Microsoft Visual Studio Solution File, Format Version 12.00
Project("{FAE04EC0-301F-11D3-BF4B-00C04F79EFBC}") = "WebApplication1", "WebApplication1\WebApplication1.csproj", "{A42F9779-2F9F-4D1D-A1B0-269E38883E89}"
EndProject
Global
	GlobalSection(SolutionConfigurationPlatforms) = preSolution
		Debug|Any CPU = Debug|Any CPU
		Release|Any CPU = Release|Any CPU
	EndGlobalSection
	GlobalSection(ProjectConfigurationPlatforms) = postSolution
		{A42F9779-2F9F-4D1D-A1B0-269E38883E89}.Debug|Any CPU.ActiveCfg = Debug|Any CPU
		{A42F9779-2F9F-4D1D-A1B0-269E38883E89}.Debug|Any CPU.Build.0 = Debug|Any CPU
		{A42F9779-2F9F-4D1D-A1B0-269E38883E89}.Release|Any CPU.ActiveCfg = Release|Any CPU
		{A42F9779-2F9F-4D1D-A1B0-269E38883E89}.Release|Any CPU.Build.0 = Release|Any CPU
	EndGlobalSection
EndGlobal
